{
  "requires": true,
  "lockfileVersion": 1,
  "dependencies": {
    "loading-attribute-polyfill": {
      "version": "2.0.0-rc.0",
      "resolved": "https://registry.npmjs.org/loading-attribute-polyfill/-/loading-attribute-polyfill-2.0.0-rc.0.tgz",
      "integrity": "sha512-PdYA3wkEq8jGup37tgqaTv54Y5Wd9/ZuN6Iad+lQMUfboUT/aOOqx1SzTot1M7VzviiPaDDl3bReiwU0uk0z+A=="
    }
  }
}
